
Microsoft Visual Studio Solution File, Format Version 12.00
# Visual Studio Version 17
VisualStudioVersion = 17.3.32819.101
MinimumVisualStudioVersion = 10.0.40219.1
Project("{8BC9CEB8-8B4A-11D0-8D11-00A0C91BC942}") = "ControlStructures", "ControlStructures\ControlStructures.vcxproj", "{49F13DCD-4B29-47F5-8AF1-D7780544909E}"
EndProject
Global
	GlobalSection(SolutionConfigurationPlatforms) = preSolution
		Debug|x64 = Debug|x64
		Debug|x86 = Debug|x86
		Release|x64 = Release|x64
		Release|x86 = Release|x86
	EndGlobalSection
	GlobalSection(ProjectConfigurationPlatforms) = postSolution
		{49F13DCD-4B29-47F5-8AF1-D7780544909E}.Debug|x64.ActiveCfg = Debug|x64
		{49F13DCD-4B29-47F5-8AF1-D7780544909E}.Debug|x64.Build.0 = Debug|x64
		{49F13DCD-4B29-47F5-8AF1-D7780544909E}.Debug|x86.ActiveCfg = Debug|Win32
		{49F13DCD-4B29-47F5-8AF1-D7780544909E}.Debug|x86.Build.0 = Debug|Win32
		{49F13DCD-4B29-47F5-8AF1-D7780544909E}.Release|x64.ActiveCfg = Release|x64
		{49F13DCD-4B29-47F5-8AF1-D7780544909E}.Release|x64.Build.0 = Release|x64
		{49F13DCD-4B29-47F5-8AF1-D7780544909E}.Release|x86.ActiveCfg = Release|Win32
		{49F13DCD-4B29-47F5-8AF1-D7780544909E}.Release|x86.Build.0 = Release|Win32
	EndGlobalSection
	GlobalSection(SolutionProperties) = preSolution
		HideSolutionNode = FALSE
	EndGlobalSection
	GlobalSection(ExtensibilityGlobals) = postSolution
		SolutionGuid = {7AB8633D-A556-44B1-9F11-A719B0525101}
	EndGlobalSection
EndGlobal
